{
  "name": "@kikkimo/gemini-switcher",
  "version": "1.0.0",
  "lockfileVersion": 3,
  "requires": true,
  "packages": {
    "": {
      "name": "@kikkimo/gemini-switcher",
      "version": "1.0.0",
      "hasInstallScript": true,
      "license": "MIT",
      "os": [
        "win32"
      ],
      "bin": {
        "gemini-switcher": "gemini-switcher"
      },
      "engines": {
        "node": ">=20.0.0"
      }
    }
  }
}
